# This is a Gradle generated file for dependency locking.
# Manual edits can break the build and are not advised.
# This file is expected to be part of source control.
com.azure:azure-core:1.18.0=runtimeClasspath
com.fasterxml.jackson.core:jackson-annotations:2.12.3=runtimeClasspath
com.fasterxml.jackson.core:jackson-core:2.12.3=runtimeClasspath
com.fasterxml.jackson.core:jackson-databind:2.12.3=runtimeClasspath
com.fasterxml.jackson.dataformat:jackson-dataformat-xml:2.12.3=runtimeClasspath
com.fasterxml.jackson.datatype:jackson-datatype-jsr310:2.12.3=runtimeClasspath
com.fasterxml.jackson.module:jackson-module-jaxb-annotations:2.12.3=runtimeClasspath
com.fasterxml.jackson:jackson-bom:2.12.3=runtimeClasspath
com.fasterxml.woodstox:woodstox-core:6.2.4=runtimeClasspath
com.google.guava:guava-bom:30.1.1-jre=runtimeClasspath
com.squareup.moshi:moshi:1.11.0=runtimeClasspath
com.squareup.okio:okio:1.17.5=runtimeClasspath
io.netty:netty-tcnative-boringssl-static:2.0.39.Final=runtimeClasspath
io.opentelemetry.instrumentation:opentelemetry-instrumentation-bom-alpha:1.5.0+ai.patches-alpha=runtimeClasspath
io.opentelemetry:opentelemetry-bom-alpha:1.5.0-alpha=runtimeClasspath
io.opentelemetry:opentelemetry-bom:1.5.0=runtimeClasspath
io.projectreactor:reactor-core:3.4.6=runtimeClasspath
jakarta.activation:jakarta.activation-api:1.2.1=runtimeClasspath
jakarta.xml.bind:jakarta.xml.bind-api:2.3.2=runtimeClasspath
org.codehaus.woodstox:stax2-api:4.2.1=runtimeClasspath
org.junit:junit-bom:5.7.2=runtimeClasspath
org.reactivestreams:reactive-streams:1.0.3=runtimeClasspath
org.slf4j:slf4j-api:1.7.30=runtimeClasspath
empty=
