# This is a Gradle generated file for dependency locking.
# Manual edits can break the build and are not advised.
# This file is expected to be part of source control.
com.azure:azure-core-http-netty:1.13.2=runtimeClasspath
com.azure:azure-core:1.38.0=runtimeClasspath
com.azure:azure-identity:1.8.2=runtimeClasspath
com.azure:azure-json:1.0.0=runtimeClasspath
com.azure:azure-sdk-bom:1.2.12=runtimeClasspath
com.azure:azure-storage-blob:12.22.0=runtimeClasspath
com.azure:azure-storage-common:12.21.0=runtimeClasspath
com.azure:azure-storage-internal-avro:12.7.0=runtimeClasspath
com.fasterxml.jackson.core:jackson-annotations:2.14.2=runtimeClasspath
com.fasterxml.jackson.core:jackson-core:2.14.2=runtimeClasspath
com.fasterxml.jackson.core:jackson-databind:2.14.2=runtimeClasspath
com.fasterxml.jackson.datatype:jackson-datatype-jsr310:2.14.2=runtimeClasspath
com.fasterxml.jackson:jackson-bom:2.14.2=runtimeClasspath
com.github.oshi:oshi-core:6.4.1=runtimeClasspath
com.github.stephenc.jcip:jcip-annotations:1.0-1=runtimeClasspath
com.google.errorprone:error_prone_annotations:2.18.0=runtimeClasspath
com.google.guava:guava-bom:31.1-jre=runtimeClasspath
com.microsoft.azure:msal4j-persistence-extension:1.1.0=runtimeClasspath
com.microsoft.azure:msal4j:1.13.7=runtimeClasspath
com.microsoft.jfr:jfr-streaming:1.2.0=runtimeClasspath
com.nimbusds:content-type:2.2=runtimeClasspath
com.nimbusds:lang-tag:1.6=runtimeClasspath
com.nimbusds:nimbus-jose-jwt:9.22=runtimeClasspath
com.nimbusds:oauth2-oidc-sdk:9.35=runtimeClasspath
com.squareup.moshi:moshi-adapters:1.11.0=runtimeClasspath
com.squareup.moshi:moshi:1.11.0=runtimeClasspath
com.squareup.okio:okio:1.17.5=runtimeClasspath
commons-codec:commons-codec:1.15=runtimeClasspath
io.netty:netty-bom:4.1.92.Final=runtimeClasspath
io.netty:netty-buffer:4.1.92.Final=runtimeClasspath
io.netty:netty-codec-dns:4.1.92.Final=runtimeClasspath
io.netty:netty-codec-http2:4.1.92.Final=runtimeClasspath
io.netty:netty-codec-http:4.1.92.Final=runtimeClasspath
io.netty:netty-codec-socks:4.1.92.Final=runtimeClasspath
io.netty:netty-codec:4.1.92.Final=runtimeClasspath
io.netty:netty-common:4.1.92.Final=runtimeClasspath
io.netty:netty-handler-proxy:4.1.92.Final=runtimeClasspath
io.netty:netty-handler:4.1.92.Final=runtimeClasspath
io.netty:netty-resolver-dns-classes-macos:4.1.92.Final=runtimeClasspath
io.netty:netty-resolver-dns-native-macos:4.1.92.Final=runtimeClasspath
io.netty:netty-resolver-dns:4.1.92.Final=runtimeClasspath
io.netty:netty-resolver:4.1.92.Final=runtimeClasspath
io.netty:netty-tcnative-boringssl-static:2.0.60.Final=runtimeClasspath
io.netty:netty-tcnative-classes:2.0.60.Final=runtimeClasspath
io.netty:netty-transport-classes-epoll:4.1.92.Final=runtimeClasspath
io.netty:netty-transport-classes-kqueue:4.1.92.Final=runtimeClasspath
io.netty:netty-transport-native-epoll:4.1.92.Final=runtimeClasspath
io.netty:netty-transport-native-kqueue:4.1.92.Final=runtimeClasspath
io.netty:netty-transport-native-unix-common:4.1.92.Final=runtimeClasspath
io.netty:netty-transport:4.1.92.Final=runtimeClasspath
io.opentelemetry.instrumentation:opentelemetry-instrumentation-bom-alpha:1.25.1-alpha=runtimeClasspath
io.opentelemetry.instrumentation:opentelemetry-instrumentation-bom:1.25.1=runtimeClasspath
io.opentelemetry:opentelemetry-bom-alpha:1.25.0-alpha=runtimeClasspath
io.opentelemetry:opentelemetry-bom:1.25.0=runtimeClasspath
io.projectreactor.netty:reactor-netty-core:1.1.6=runtimeClasspath
io.projectreactor.netty:reactor-netty-http:1.1.6=runtimeClasspath
io.projectreactor:reactor-core:3.5.5=runtimeClasspath
net.java.dev.jna:jna-platform:5.13.0=runtimeClasspath
net.java.dev.jna:jna:5.13.0=runtimeClasspath
net.minidev:accessors-smart:2.4.9=runtimeClasspath
net.minidev:json-smart:2.4.10=runtimeClasspath
org.apache.commons:commons-lang3:3.12.0=runtimeClasspath
org.apache.commons:commons-text:1.10.0=runtimeClasspath
org.junit:junit-bom:5.9.3=runtimeClasspath
org.reactivestreams:reactive-streams:1.0.4=runtimeClasspath
org.slf4j:jcl-over-slf4j:1.7.36=runtimeClasspath
org.slf4j:slf4j-api:1.7.36=runtimeClasspath
org.testcontainers:testcontainers-bom:1.18.0=runtimeClasspath
empty=
