# This is a Gradle generated file for dependency locking.
# Manual edits can break the build and are not advised.
# This file is expected to be part of source control.
com.azure:azure-core-http-netty:1.12.0=runtimeClasspath
com.azure:azure-core:1.28.0=runtimeClasspath
com.azure:azure-sdk-bom:1.2.2=runtimeClasspath
com.azure:azure-storage-blob:12.16.1=runtimeClasspath
com.azure:azure-storage-common:12.15.2=runtimeClasspath
com.azure:azure-storage-internal-avro:12.2.2=runtimeClasspath
com.fasterxml.jackson.core:jackson-annotations:2.13.2=runtimeClasspath
com.fasterxml.jackson.core:jackson-core:2.13.2=runtimeClasspath
com.fasterxml.jackson.core:jackson-databind:2.13.2.2=runtimeClasspath
com.fasterxml.jackson.dataformat:jackson-dataformat-xml:2.13.2=runtimeClasspath
com.fasterxml.jackson.datatype:jackson-datatype-jsr310:2.13.2=runtimeClasspath
com.fasterxml.jackson:jackson-bom:2.13.2=runtimeClasspath
com.fasterxml.woodstox:woodstox-core:6.2.7=runtimeClasspath
com.google.guava:guava-bom:31.1-jre=runtimeClasspath
com.microsoft.jfr:jfr-streaming:1.2.0=runtimeClasspath
com.squareup.moshi:moshi-adapters:1.11.0=runtimeClasspath
com.squareup.moshi:moshi:1.11.0=runtimeClasspath
com.squareup.okio:okio:1.17.5=runtimeClasspath
io.netty:netty-buffer:4.1.76.Final=runtimeClasspath
io.netty:netty-codec-dns:4.1.75.Final=runtimeClasspath
io.netty:netty-codec-http2:4.1.76.Final=runtimeClasspath
io.netty:netty-codec-http:4.1.76.Final=runtimeClasspath
io.netty:netty-codec-socks:4.1.76.Final=runtimeClasspath
io.netty:netty-codec:4.1.76.Final=runtimeClasspath
io.netty:netty-common:4.1.76.Final=runtimeClasspath
io.netty:netty-handler-proxy:4.1.76.Final=runtimeClasspath
io.netty:netty-handler:4.1.76.Final=runtimeClasspath
io.netty:netty-resolver-dns-classes-macos:4.1.75.Final=runtimeClasspath
io.netty:netty-resolver-dns-native-macos:4.1.75.Final=runtimeClasspath
io.netty:netty-resolver-dns:4.1.75.Final=runtimeClasspath
io.netty:netty-resolver:4.1.76.Final=runtimeClasspath
io.netty:netty-tcnative-boringssl-static:2.0.51.Final=runtimeClasspath
io.netty:netty-tcnative-classes:2.0.51.Final=runtimeClasspath
io.netty:netty-transport-classes-epoll:4.1.76.Final=runtimeClasspath
io.netty:netty-transport-classes-kqueue:4.1.76.Final=runtimeClasspath
io.netty:netty-transport-native-epoll:4.1.76.Final=runtimeClasspath
io.netty:netty-transport-native-kqueue:4.1.76.Final=runtimeClasspath
io.netty:netty-transport-native-unix-common:4.1.76.Final=runtimeClasspath
io.netty:netty-transport:4.1.76.Final=runtimeClasspath
io.opentelemetry.instrumentation:opentelemetry-instrumentation-bom-alpha:1.16.0-alpha-SNAPSHOT=runtimeClasspath
io.opentelemetry:opentelemetry-bom-alpha:1.15.0-alpha=runtimeClasspath
io.opentelemetry:opentelemetry-bom:1.15.0=runtimeClasspath
io.projectreactor.netty:reactor-netty-core:1.0.18=runtimeClasspath
io.projectreactor.netty:reactor-netty-http:1.0.18=runtimeClasspath
io.projectreactor:reactor-core:3.4.17=runtimeClasspath
org.codehaus.woodstox:stax2-api:4.2.1=runtimeClasspath
org.junit:junit-bom:5.8.2=runtimeClasspath
org.reactivestreams:reactive-streams:1.0.3=runtimeClasspath
org.slf4j:slf4j-api:1.7.36=runtimeClasspath
empty=
