# This is a Gradle generated file for dependency locking.
# Manual edits can break the build and are not advised.
# This file is expected to be part of source control.
com.azure:azure-core-http-netty:1.10.0=runtimeClasspath
com.azure:azure-core:1.18.0=runtimeClasspath
com.azure:azure-storage-blob:12.13.0=runtimeClasspath
com.azure:azure-storage-common:12.12.0=runtimeClasspath
com.azure:azure-storage-internal-avro:12.0.5=runtimeClasspath
com.fasterxml.jackson.core:jackson-annotations:2.12.3=runtimeClasspath
com.fasterxml.jackson.core:jackson-core:2.12.3=runtimeClasspath
com.fasterxml.jackson.core:jackson-databind:2.12.3=runtimeClasspath
com.fasterxml.jackson.dataformat:jackson-dataformat-xml:2.12.3=runtimeClasspath
com.fasterxml.jackson.datatype:jackson-datatype-jsr310:2.12.3=runtimeClasspath
com.fasterxml.jackson.module:jackson-module-jaxb-annotations:2.12.3=runtimeClasspath
com.fasterxml.jackson:jackson-bom:2.12.3=runtimeClasspath
com.fasterxml.woodstox:woodstox-core:6.2.4=runtimeClasspath
com.google.guava:guava-bom:30.1.1-jre=runtimeClasspath
com.microsoft.jfr:jfr-streaming:1.2.0=runtimeClasspath
com.squareup.moshi:moshi-adapters:1.11.0=runtimeClasspath
com.squareup.moshi:moshi:1.11.0=runtimeClasspath
com.squareup.okio:okio:1.17.5=runtimeClasspath
io.netty:netty-buffer:4.1.65.Final=runtimeClasspath
io.netty:netty-codec-dns:4.1.63.Final=runtimeClasspath
io.netty:netty-codec-http2:4.1.65.Final=runtimeClasspath
io.netty:netty-codec-http:4.1.65.Final=runtimeClasspath
io.netty:netty-codec-socks:4.1.65.Final=runtimeClasspath
io.netty:netty-codec:4.1.65.Final=runtimeClasspath
io.netty:netty-common:4.1.65.Final=runtimeClasspath
io.netty:netty-handler-proxy:4.1.65.Final=runtimeClasspath
io.netty:netty-handler:4.1.65.Final=runtimeClasspath
io.netty:netty-resolver-dns-native-macos:4.1.63.Final=runtimeClasspath
io.netty:netty-resolver-dns:4.1.63.Final=runtimeClasspath
io.netty:netty-resolver:4.1.65.Final=runtimeClasspath
io.netty:netty-tcnative-boringssl-static:2.0.39.Final=runtimeClasspath
io.netty:netty-transport-native-epoll:4.1.65.Final=runtimeClasspath
io.netty:netty-transport-native-kqueue:4.1.65.Final=runtimeClasspath
io.netty:netty-transport-native-unix-common:4.1.65.Final=runtimeClasspath
io.netty:netty-transport:4.1.65.Final=runtimeClasspath
io.opentelemetry.instrumentation:opentelemetry-instrumentation-bom-alpha:1.5.0+ai.patches-alpha=runtimeClasspath
io.opentelemetry:opentelemetry-bom-alpha:1.5.0-alpha=runtimeClasspath
io.opentelemetry:opentelemetry-bom:1.5.0=runtimeClasspath
io.projectreactor.netty:reactor-netty-core:1.0.7=runtimeClasspath
io.projectreactor.netty:reactor-netty-http-brave:1.0.7=runtimeClasspath
io.projectreactor.netty:reactor-netty-http:1.0.7=runtimeClasspath
io.projectreactor.netty:reactor-netty:1.0.7=runtimeClasspath
io.projectreactor:reactor-core:3.4.6=runtimeClasspath
io.zipkin.brave:brave-instrumentation-http:5.13.3=runtimeClasspath
io.zipkin.brave:brave:5.13.3=runtimeClasspath
io.zipkin.reporter2:zipkin-reporter-brave:2.16.3=runtimeClasspath
io.zipkin.reporter2:zipkin-reporter:2.16.3=runtimeClasspath
io.zipkin.zipkin2:zipkin:2.23.2=runtimeClasspath
jakarta.activation:jakarta.activation-api:1.2.1=runtimeClasspath
jakarta.xml.bind:jakarta.xml.bind-api:2.3.2=runtimeClasspath
org.codehaus.woodstox:stax2-api:4.2.1=runtimeClasspath
org.junit:junit-bom:5.7.2=runtimeClasspath
org.reactivestreams:reactive-streams:1.0.3=runtimeClasspath
org.slf4j:slf4j-api:1.7.30=runtimeClasspath
empty=
