# This is a Gradle generated file for dependency locking.
# Manual edits can break the build and are not advised.
# This file is expected to be part of source control.
commons-logging:commons-logging:1.2
javax.servlet:javax.servlet-api:3.0.1
org.springframework.boot:spring-boot-autoconfigure:1.4.0.RELEASE
org.springframework.boot:spring-boot:1.4.0.RELEASE
org.springframework:spring-aop:4.3.24.RELEASE
org.springframework:spring-beans:4.3.24.RELEASE
org.springframework:spring-context:4.3.24.RELEASE
org.springframework:spring-core:4.3.24.RELEASE
org.springframework:spring-expression:4.3.24.RELEASE
