# This is a Gradle generated file for dependency locking.
# Manual edits can break the build and are not advised.
# This file is expected to be part of source control.
com.azure:azure-sdk-bom:1.2.23=runtimeClasspath
com.fasterxml.jackson:jackson-bom:2.17.1=runtimeClasspath
com.google.guava:guava-bom:33.2.0-jre=runtimeClasspath
io.netty:netty-bom:4.1.110.Final=runtimeClasspath
io.opentelemetry.instrumentation:opentelemetry-instrumentation-bom-alpha:2.4.0-alpha=runtimeClasspath
io.opentelemetry.instrumentation:opentelemetry-instrumentation-bom:2.4.0=runtimeClasspath
io.opentelemetry:opentelemetry-bom-alpha:1.38.0-alpha=runtimeClasspath
io.opentelemetry:opentelemetry-bom:1.38.0=runtimeClasspath
org.junit:junit-bom:5.10.2=runtimeClasspath
org.testcontainers:testcontainers-bom:1.19.8=runtimeClasspath
empty=
