# This is a Gradle generated file for dependency locking.
# Manual edits can break the build and are not advised.
# This file is expected to be part of source control.
ch.qos.logback.contrib:logback-json-classic:0.1.5=runtimeClasspath
ch.qos.logback.contrib:logback-json-core:0.1.5=runtimeClasspath
ch.qos.logback:logback-classic:1.2.3=runtimeClasspath
ch.qos.logback:logback-core:1.2.3=runtimeClasspath
com.squareup.moshi:moshi:1.11.0=runtimeClasspath
com.squareup.okio:okio:1.17.5=runtimeClasspath
io.opentelemetry.instrumentation:opentelemetry-instrumentation-api-annotation-support:1.3.1+ai.patch.1-alpha=runtimeClasspath
io.opentelemetry.instrumentation:opentelemetry-instrumentation-api:1.3.1+ai.patch.1-alpha=runtimeClasspath
io.opentelemetry.javaagent:opentelemetry-javaagent-bootstrap:1.3.1+ai.patch.1-alpha=runtimeClasspath
io.opentelemetry.javaagent:opentelemetry-javaagent-instrumentation-api:1.3.1+ai.patch.1-alpha=runtimeClasspath
io.opentelemetry:opentelemetry-api-metrics:1.4.1-alpha=runtimeClasspath
io.opentelemetry:opentelemetry-api:1.4.1=runtimeClasspath
io.opentelemetry:opentelemetry-context:1.4.1=runtimeClasspath
io.opentelemetry:opentelemetry-semconv:1.4.1-alpha=runtimeClasspath
org.slf4j:slf4j-api:1.7.30=runtimeClasspath
empty=
