# This is a Gradle generated file for dependency locking.
# Manual edits can break the build and are not advised.
# This file is expected to be part of source control.
io.opentelemetry.instrumentation:opentelemetry-instrumentation-api-caching:1.0.0+ai.patch.1-alpha
io.opentelemetry.instrumentation:opentelemetry-instrumentation-api:1.0.0+ai.patch.1-alpha
io.opentelemetry.instrumentation:opentelemetry-netty-4.1:1.0.0+ai.patch.1-alpha
io.opentelemetry.instrumentation:opentelemetry-servlet-2.2:1.0.0+ai.patch.1-alpha
io.opentelemetry.javaagent.instrumentation:opentelemetry-javaagent-apache-httpasyncclient-4.1:1.0.0+ai.patch.1-alpha
io.opentelemetry.javaagent.instrumentation:opentelemetry-javaagent-apache-httpclient-2.0:1.0.0+ai.patch.1-alpha
io.opentelemetry.javaagent.instrumentation:opentelemetry-javaagent-apache-httpclient-4.0:1.0.0+ai.patch.1-alpha
io.opentelemetry.javaagent.instrumentation:opentelemetry-javaagent-apache-httpclient-5.0:1.0.0+ai.patch.1-alpha
io.opentelemetry.javaagent.instrumentation:opentelemetry-javaagent-applicationinsights-web-2.3:1.0.0+ai.patch.1-alpha
io.opentelemetry.javaagent.instrumentation:opentelemetry-javaagent-azure-functions:1.0.0+ai.patch.1-alpha
io.opentelemetry.javaagent.instrumentation:opentelemetry-javaagent-azure-sdk:1.0.0+ai.patch.1-alpha
io.opentelemetry.javaagent.instrumentation:opentelemetry-javaagent-cassandra-3.0:1.0.0+ai.patch.1-alpha
io.opentelemetry.javaagent.instrumentation:opentelemetry-javaagent-cassandra-4.0:1.0.0+ai.patch.1-alpha
io.opentelemetry.javaagent.instrumentation:opentelemetry-javaagent-classloaders:1.0.0+ai.patch.1-alpha
io.opentelemetry.javaagent.instrumentation:opentelemetry-javaagent-eclipse-osgi-3.6:1.0.0+ai.patch.1-alpha
io.opentelemetry.javaagent.instrumentation:opentelemetry-javaagent-executors:1.0.0+ai.patch.1-alpha
io.opentelemetry.javaagent.instrumentation:opentelemetry-javaagent-grpc-1.5:1.0.0+ai.patch.1-alpha
io.opentelemetry.javaagent.instrumentation:opentelemetry-javaagent-http-url-connection:1.0.0+ai.patch.1-alpha
io.opentelemetry.javaagent.instrumentation:opentelemetry-javaagent-java-util-logging-spans:1.0.0+ai.patch.1-alpha
io.opentelemetry.javaagent.instrumentation:opentelemetry-javaagent-jaxrs-1.0:1.0.0+ai.patch.1-alpha
io.opentelemetry.javaagent.instrumentation:opentelemetry-javaagent-jaxrs-2.0-common:1.0.0+ai.patch.1-alpha
io.opentelemetry.javaagent.instrumentation:opentelemetry-javaagent-jaxrs-2.0-jersey-2.0:1.0.0+ai.patch.1-alpha
io.opentelemetry.javaagent.instrumentation:opentelemetry-javaagent-jaxrs-2.0-resteasy-3.0:1.0.0+ai.patch.1-alpha
io.opentelemetry.javaagent.instrumentation:opentelemetry-javaagent-jaxrs-2.0-resteasy-3.1:1.0.0+ai.patch.1-alpha
io.opentelemetry.javaagent.instrumentation:opentelemetry-javaagent-jdbc:1.0.0+ai.patch.1-alpha
io.opentelemetry.javaagent.instrumentation:opentelemetry-javaagent-jedis-1.4:1.0.0+ai.patch.1-alpha
io.opentelemetry.javaagent.instrumentation:opentelemetry-javaagent-jedis-3.0:1.0.0+ai.patch.1-alpha
io.opentelemetry.javaagent.instrumentation:opentelemetry-javaagent-jetty-8.0:1.0.0+ai.patch.1-alpha
io.opentelemetry.javaagent.instrumentation:opentelemetry-javaagent-jms-1.1:1.0.0+ai.patch.1-alpha
io.opentelemetry.javaagent.instrumentation:opentelemetry-javaagent-kafka-clients-0.11:1.0.0+ai.patch.1-alpha
io.opentelemetry.javaagent.instrumentation:opentelemetry-javaagent-kafka-streams-0.11:1.0.0+ai.patch.1-alpha
io.opentelemetry.javaagent.instrumentation:opentelemetry-javaagent-kotlinx-coroutines:1.0.0+ai.patch.1-alpha
io.opentelemetry.javaagent.instrumentation:opentelemetry-javaagent-lettuce-4.0:1.0.0+ai.patch.1-alpha
io.opentelemetry.javaagent.instrumentation:opentelemetry-javaagent-lettuce-5.0:1.0.0+ai.patch.1-alpha
io.opentelemetry.javaagent.instrumentation:opentelemetry-javaagent-lettuce-5.1:1.0.0+ai.patch.1-alpha
io.opentelemetry.javaagent.instrumentation:opentelemetry-javaagent-lettuce-common:1.0.0+ai.patch.1-alpha
io.opentelemetry.javaagent.instrumentation:opentelemetry-javaagent-log4j-spans-1.2:1.0.0+ai.patch.1-alpha
io.opentelemetry.javaagent.instrumentation:opentelemetry-javaagent-log4j-spans-2.0:1.0.0+ai.patch.1-alpha
io.opentelemetry.javaagent.instrumentation:opentelemetry-javaagent-logback-spans-1.0:1.0.0+ai.patch.1-alpha
io.opentelemetry.javaagent.instrumentation:opentelemetry-javaagent-micrometer-1.0:1.0.0+ai.patch.1-alpha
io.opentelemetry.javaagent.instrumentation:opentelemetry-javaagent-mongo-3.1:1.0.0+ai.patch.1-alpha
io.opentelemetry.javaagent.instrumentation:opentelemetry-javaagent-mongo-3.7:1.0.0+ai.patch.1-alpha
io.opentelemetry.javaagent.instrumentation:opentelemetry-javaagent-mongo-async-3.3:1.0.0+ai.patch.1-alpha
io.opentelemetry.javaagent.instrumentation:opentelemetry-javaagent-mongo-common:1.0.0+ai.patch.1-alpha
io.opentelemetry.javaagent.instrumentation:opentelemetry-javaagent-netty-4.0:1.0.0+ai.patch.1-alpha
io.opentelemetry.javaagent.instrumentation:opentelemetry-javaagent-netty-4.1:1.0.0+ai.patch.1-alpha
io.opentelemetry.javaagent.instrumentation:opentelemetry-javaagent-okhttp-3.0:1.0.0+ai.patch.1-alpha
io.opentelemetry.javaagent.instrumentation:opentelemetry-javaagent-opentelemetry-annotations-1.0:1.0.0+ai.patch.1-alpha
io.opentelemetry.javaagent.instrumentation:opentelemetry-javaagent-opentelemetry-api-1.0:1.0.0+ai.patch.1-alpha
io.opentelemetry.javaagent.instrumentation:opentelemetry-javaagent-reactor-3.1:1.0.0+ai.patch.1-alpha
io.opentelemetry.javaagent.instrumentation:opentelemetry-javaagent-reactor-netty-0.9:1.0.0+ai.patch.1-alpha
io.opentelemetry.javaagent.instrumentation:opentelemetry-javaagent-reactor-netty-1.0:1.0.0+ai.patch.1-alpha
io.opentelemetry.javaagent.instrumentation:opentelemetry-javaagent-servlet-2.2:1.0.0+ai.patch.1-alpha
io.opentelemetry.javaagent.instrumentation:opentelemetry-javaagent-servlet-3.0:1.0.0+ai.patch.1-alpha
io.opentelemetry.javaagent.instrumentation:opentelemetry-javaagent-servlet-common:1.0.0+ai.patch.1-alpha
io.opentelemetry.javaagent.instrumentation:opentelemetry-javaagent-spring-scheduling-3.1:1.0.0+ai.patch.1-alpha
io.opentelemetry.javaagent.instrumentation:opentelemetry-javaagent-spring-webflux-5.0:1.0.0+ai.patch.1-alpha
io.opentelemetry.javaagent.instrumentation:opentelemetry-javaagent-spring-webmvc-3.1:1.0.0+ai.patch.1-alpha
io.opentelemetry.javaagent.instrumentation:opentelemetry-javaagent-tomcat-7.0:1.0.0+ai.patch.1-alpha
io.opentelemetry:opentelemetry-api:1.0.1
io.opentelemetry:opentelemetry-context:1.0.1
io.opentelemetry:opentelemetry-semconv:1.0.1-alpha
