# This is a Gradle generated file for dependency locking.
# Manual edits can break the build and are not advised.
# This file is expected to be part of source control.
ch.qos.logback:logback-classic:1.2.3
ch.qos.logback:logback-core:1.2.3
com.azure:azure-core-tracing-opentelemetry:1.0.0-beta.8
com.blogspot.mydailyjava:weak-lock-free:0.15
com.github.oshi:oshi-core:5.6.0
com.google.auto.service:auto-service-annotations:1.0-rc7
com.google.auto.service:auto-service:1.0-rc7
com.google.auto:auto-common:0.10
com.google.code.findbugs:jsr305:3.0.2
com.google.code.gson:gson:2.8.2
com.google.errorprone:error_prone_annotations:2.5.1
com.google.guava:failureaccess:1.0.1
com.google.guava:guava:30.1.1-jre
com.google.guava:listenablefuture:9999.0-empty-to-avoid-conflict-with-guava
com.google.j2objc:j2objc-annotations:1.3
com.squareup.moshi:moshi:1.9.3
com.squareup.okio:okio:1.16.0
commons-codec:commons-codec:1.11
commons-io:commons-io:2.6
commons-logging:commons-logging:1.2
io.opentelemetry.instrumentation:opentelemetry-grpc-1.5:1.0.0+ai.patch.1-alpha
io.opentelemetry.instrumentation:opentelemetry-instrumentation-api-caching:1.0.0+ai.patch.1-alpha
io.opentelemetry.instrumentation:opentelemetry-instrumentation-api:1.0.0+ai.patch.1-alpha
io.opentelemetry.instrumentation:opentelemetry-lettuce-5.1:1.0.0+ai.patch.1-alpha
io.opentelemetry.instrumentation:opentelemetry-netty-4.1:1.0.0+ai.patch.1-alpha
io.opentelemetry.instrumentation:opentelemetry-okhttp-3.0:1.0.0+ai.patch.1-alpha
io.opentelemetry.instrumentation:opentelemetry-reactor-3.1:1.0.0+ai.patch.1-alpha
io.opentelemetry.instrumentation:opentelemetry-servlet-2.2:1.0.0+ai.patch.1-alpha
io.opentelemetry.instrumentation:opentelemetry-spring-webflux-5.0:1.0.0+ai.patch.1-alpha
io.opentelemetry.javaagent.instrumentation:opentelemetry-javaagent-apache-httpasyncclient-4.1:1.0.0+ai.patch.1-alpha
io.opentelemetry.javaagent.instrumentation:opentelemetry-javaagent-apache-httpclient-2.0:1.0.0+ai.patch.1-alpha
io.opentelemetry.javaagent.instrumentation:opentelemetry-javaagent-apache-httpclient-4.0:1.0.0+ai.patch.1-alpha
io.opentelemetry.javaagent.instrumentation:opentelemetry-javaagent-apache-httpclient-5.0:1.0.0+ai.patch.1-alpha
io.opentelemetry.javaagent.instrumentation:opentelemetry-javaagent-applicationinsights-web-2.3:1.0.0+ai.patch.1-alpha
io.opentelemetry.javaagent.instrumentation:opentelemetry-javaagent-azure-core-1.14:1.0.0+ai.patch.1-alpha
io.opentelemetry.javaagent.instrumentation:opentelemetry-javaagent-azure-functions:1.0.0+ai.patch.1-alpha
io.opentelemetry.javaagent.instrumentation:opentelemetry-javaagent-cassandra-3.0:1.0.0+ai.patch.1-alpha
io.opentelemetry.javaagent.instrumentation:opentelemetry-javaagent-cassandra-4.0:1.0.0+ai.patch.1-alpha
io.opentelemetry.javaagent.instrumentation:opentelemetry-javaagent-classloaders:1.0.0+ai.patch.1-alpha
io.opentelemetry.javaagent.instrumentation:opentelemetry-javaagent-eclipse-osgi-3.6:1.0.0+ai.patch.1-alpha
io.opentelemetry.javaagent.instrumentation:opentelemetry-javaagent-executors:1.0.0+ai.patch.1-alpha
io.opentelemetry.javaagent.instrumentation:opentelemetry-javaagent-grpc-1.5:1.0.0+ai.patch.1-alpha
io.opentelemetry.javaagent.instrumentation:opentelemetry-javaagent-http-url-connection:1.0.0+ai.patch.1-alpha
io.opentelemetry.javaagent.instrumentation:opentelemetry-javaagent-java-util-logging-spans:1.0.0+ai.patch.1-alpha
io.opentelemetry.javaagent.instrumentation:opentelemetry-javaagent-jaxrs-1.0:1.0.0+ai.patch.1-alpha
io.opentelemetry.javaagent.instrumentation:opentelemetry-javaagent-jaxrs-2.0-common:1.0.0+ai.patch.1-alpha
io.opentelemetry.javaagent.instrumentation:opentelemetry-javaagent-jaxrs-2.0-jersey-2.0:1.0.0+ai.patch.1-alpha
io.opentelemetry.javaagent.instrumentation:opentelemetry-javaagent-jaxrs-2.0-resteasy-3.0:1.0.0+ai.patch.1-alpha
io.opentelemetry.javaagent.instrumentation:opentelemetry-javaagent-jaxrs-2.0-resteasy-3.1:1.0.0+ai.patch.1-alpha
io.opentelemetry.javaagent.instrumentation:opentelemetry-javaagent-jdbc:1.0.0+ai.patch.1-alpha
io.opentelemetry.javaagent.instrumentation:opentelemetry-javaagent-jedis-1.4:1.0.0+ai.patch.1-alpha
io.opentelemetry.javaagent.instrumentation:opentelemetry-javaagent-jedis-3.0:1.0.0+ai.patch.1-alpha
io.opentelemetry.javaagent.instrumentation:opentelemetry-javaagent-jetty-8.0:1.0.0+ai.patch.1-alpha
io.opentelemetry.javaagent.instrumentation:opentelemetry-javaagent-jms-1.1:1.0.0+ai.patch.1-alpha
io.opentelemetry.javaagent.instrumentation:opentelemetry-javaagent-kafka-clients-0.11:1.0.0+ai.patch.1-alpha
io.opentelemetry.javaagent.instrumentation:opentelemetry-javaagent-kafka-streams-0.11:1.0.0+ai.patch.1-alpha
io.opentelemetry.javaagent.instrumentation:opentelemetry-javaagent-kotlinx-coroutines:1.0.0+ai.patch.1-alpha
io.opentelemetry.javaagent.instrumentation:opentelemetry-javaagent-lettuce-4.0:1.0.0+ai.patch.1-alpha
io.opentelemetry.javaagent.instrumentation:opentelemetry-javaagent-lettuce-5.0:1.0.0+ai.patch.1-alpha
io.opentelemetry.javaagent.instrumentation:opentelemetry-javaagent-lettuce-5.1:1.0.0+ai.patch.1-alpha
io.opentelemetry.javaagent.instrumentation:opentelemetry-javaagent-lettuce-common:1.0.0+ai.patch.1-alpha
io.opentelemetry.javaagent.instrumentation:opentelemetry-javaagent-log4j-spans-1.2:1.0.0+ai.patch.1-alpha
io.opentelemetry.javaagent.instrumentation:opentelemetry-javaagent-log4j-spans-2.0:1.0.0+ai.patch.1-alpha
io.opentelemetry.javaagent.instrumentation:opentelemetry-javaagent-logback-spans-1.0:1.0.0+ai.patch.1-alpha
io.opentelemetry.javaagent.instrumentation:opentelemetry-javaagent-micrometer-1.0:1.0.0+ai.patch.1-alpha
io.opentelemetry.javaagent.instrumentation:opentelemetry-javaagent-mongo-3.1:1.0.0+ai.patch.1-alpha
io.opentelemetry.javaagent.instrumentation:opentelemetry-javaagent-mongo-3.7:1.0.0+ai.patch.1-alpha
io.opentelemetry.javaagent.instrumentation:opentelemetry-javaagent-mongo-async-3.3:1.0.0+ai.patch.1-alpha
io.opentelemetry.javaagent.instrumentation:opentelemetry-javaagent-mongo-common:1.0.0+ai.patch.1-alpha
io.opentelemetry.javaagent.instrumentation:opentelemetry-javaagent-netty-4.0:1.0.0+ai.patch.1-alpha
io.opentelemetry.javaagent.instrumentation:opentelemetry-javaagent-netty-4.1:1.0.0+ai.patch.1-alpha
io.opentelemetry.javaagent.instrumentation:opentelemetry-javaagent-okhttp-3.0:1.0.0+ai.patch.1-alpha
io.opentelemetry.javaagent.instrumentation:opentelemetry-javaagent-opentelemetry-annotations-1.0:1.0.0+ai.patch.1-alpha
io.opentelemetry.javaagent.instrumentation:opentelemetry-javaagent-opentelemetry-api-1.0:1.0.0+ai.patch.1-alpha
io.opentelemetry.javaagent.instrumentation:opentelemetry-javaagent-reactor-3.1:1.0.0+ai.patch.1-alpha
io.opentelemetry.javaagent.instrumentation:opentelemetry-javaagent-reactor-netty-0.9:1.0.0+ai.patch.1-alpha
io.opentelemetry.javaagent.instrumentation:opentelemetry-javaagent-reactor-netty-1.0:1.0.0+ai.patch.1-alpha
io.opentelemetry.javaagent.instrumentation:opentelemetry-javaagent-servlet-2.2:1.0.0+ai.patch.1-alpha
io.opentelemetry.javaagent.instrumentation:opentelemetry-javaagent-servlet-3.0:1.0.0+ai.patch.1-alpha
io.opentelemetry.javaagent.instrumentation:opentelemetry-javaagent-servlet-common:1.0.0+ai.patch.1-alpha
io.opentelemetry.javaagent.instrumentation:opentelemetry-javaagent-spring-scheduling-3.1:1.0.0+ai.patch.1-alpha
io.opentelemetry.javaagent.instrumentation:opentelemetry-javaagent-spring-webflux-5.0:1.0.0+ai.patch.1-alpha
io.opentelemetry.javaagent.instrumentation:opentelemetry-javaagent-spring-webmvc-3.1:1.0.0+ai.patch.1-alpha
io.opentelemetry.javaagent.instrumentation:opentelemetry-javaagent-tomcat-7.0:1.0.0+ai.patch.1-alpha
io.opentelemetry.javaagent:opentelemetry-javaagent-api:1.0.0+ai.patch.1-alpha
io.opentelemetry.javaagent:opentelemetry-javaagent-bootstrap:1.0.0+ai.patch.1-alpha
io.opentelemetry.javaagent:opentelemetry-javaagent-spi:1.0.0+ai.patch.1-alpha
io.opentelemetry.javaagent:opentelemetry-javaagent-tooling:1.0.0+ai.patch.1-alpha
io.opentelemetry:opentelemetry-api-metrics:1.0.1-alpha
io.opentelemetry:opentelemetry-api:1.0.1
io.opentelemetry:opentelemetry-context:1.0.1
io.opentelemetry:opentelemetry-extension-aws:1.0.1
io.opentelemetry:opentelemetry-extension-kotlin:1.0.1
io.opentelemetry:opentelemetry-extension-trace-propagators:1.0.1
io.opentelemetry:opentelemetry-sdk-common:1.0.1
io.opentelemetry:opentelemetry-sdk-extension-autoconfigure:1.0.1-alpha
io.opentelemetry:opentelemetry-sdk-extension-resources:1.0.1
io.opentelemetry:opentelemetry-sdk-extension-tracing-incubator:1.0.0-alpha
io.opentelemetry:opentelemetry-sdk-metrics:1.0.1-alpha
io.opentelemetry:opentelemetry-sdk-trace:1.0.1
io.opentelemetry:opentelemetry-sdk:1.0.1
io.opentelemetry:opentelemetry-semconv:1.0.1-alpha
io.prometheus:simpleclient:0.9.0
io.prometheus:simpleclient_common:0.9.0
io.prometheus:simpleclient_httpserver:0.9.0
net.bytebuddy:byte-buddy-agent:1.10.18
net.bytebuddy:byte-buddy:1.10.18
net.java.dev.jna:jna-platform:5.7.0
net.java.dev.jna:jna:5.7.0
org.apache.commons:commons-lang3:3.11
org.apache.commons:commons-text:1.9
org.apache.httpcomponents:httpclient:4.5.13
org.apache.httpcomponents:httpcore:4.4.13
org.checkerframework:checker-qual:3.12.0
org.jetbrains.kotlin:kotlin-bom:1.4.21
org.slf4j:jcl-over-slf4j:1.7.30
org.slf4j:slf4j-api:1.7.30
org.slf4j:slf4j-simple:1.7.30
