# This is a Gradle generated file for dependency locking.
# Manual edits can break the build and are not advised.
# This file is expected to be part of source control.
ch.qos.logback.contrib:logback-json-classic:0.1.5=runtimeClasspath
ch.qos.logback.contrib:logback-json-core:0.1.5=runtimeClasspath
ch.qos.logback:logback-classic:1.2.8=runtimeClasspath
ch.qos.logback:logback-core:1.2.8=runtimeClasspath
com.google.guava:guava-bom:31.0.1-jre=runtimeClasspath
com.squareup.moshi:moshi:1.11.0=runtimeClasspath
com.squareup.okio:okio:1.17.5=runtimeClasspath
io.netty:netty-bom:4.1.72.Final=runtimeClasspath
io.opentelemetry.instrumentation:opentelemetry-instrumentation-api-annotation-support:1.12.0+ai.patches-alpha=runtimeClasspath
io.opentelemetry.instrumentation:opentelemetry-instrumentation-api:1.12.0+ai.patches-alpha=runtimeClasspath
io.opentelemetry.instrumentation:opentelemetry-instrumentation-appender-api-internal:1.12.0+ai.patches-alpha=runtimeClasspath
io.opentelemetry.instrumentation:opentelemetry-instrumentation-bom-alpha:1.12.0+ai.patches-alpha=runtimeClasspath
io.opentelemetry.javaagent.instrumentation:opentelemetry-javaagent-jaxrs-common-bootstrap:1.12.0+ai.patches-alpha=runtimeClasspath
io.opentelemetry.javaagent.instrumentation:opentelemetry-javaagent-kafka-clients-0.11-bootstrap:1.12.0+ai.patches-alpha=runtimeClasspath
io.opentelemetry.javaagent.instrumentation:opentelemetry-javaagent-servlet-common-bootstrap:1.12.0+ai.patches-alpha=runtimeClasspath
io.opentelemetry.javaagent.instrumentation:opentelemetry-javaagent-undertow-1.4-bootstrap:1.12.0+ai.patches-alpha=runtimeClasspath
io.opentelemetry.javaagent:opentelemetry-javaagent-bootstrap:1.12.0+ai.patches-alpha=runtimeClasspath
io.opentelemetry.javaagent:opentelemetry-javaagent-instrumentation-api:1.12.0+ai.patches-alpha=runtimeClasspath
io.opentelemetry:opentelemetry-api:1.11.0=runtimeClasspath
io.opentelemetry:opentelemetry-bom-alpha:1.11.0-alpha=runtimeClasspath
io.opentelemetry:opentelemetry-bom:1.11.0=runtimeClasspath
io.opentelemetry:opentelemetry-context:1.11.0=runtimeClasspath
io.opentelemetry:opentelemetry-semconv:1.11.0-alpha=runtimeClasspath
org.junit:junit-bom:5.7.2=runtimeClasspath
org.slf4j:slf4j-api:1.7.36=runtimeClasspath
empty=
