# This is a Gradle generated file for dependency locking.
# Manual edits can break the build and are not advised.
# This file is expected to be part of source control.
com.google.guava:guava-bom:30.1.1-jre=runtimeClasspath
io.opentelemetry.instrumentation:opentelemetry-instrumentation-bom-alpha:1.5.0+ai.patches-alpha=runtimeClasspath
io.opentelemetry:opentelemetry-bom-alpha:1.5.0-alpha=runtimeClasspath
io.opentelemetry:opentelemetry-bom:1.5.0=runtimeClasspath
org.junit:junit-bom:5.7.2=runtimeClasspath
org.slf4j:slf4j-api:1.7.30=runtimeClasspath
empty=
