# This is a Gradle generated file for dependency locking.
# Manual edits can break the build and are not advised.
# This file is expected to be part of source control.
com.azure:azure-core-http-netty:1.9.0
com.azure:azure-core:1.15.0
com.azure:azure-monitor-opentelemetry-exporter:1.0.0-beta.4
com.fasterxml.jackson.core:jackson-annotations:2.12.2
com.fasterxml.jackson.core:jackson-core:2.12.2
com.fasterxml.jackson.core:jackson-databind:2.12.2
com.fasterxml.jackson.dataformat:jackson-dataformat-xml:2.12.2
com.fasterxml.jackson.datatype:jackson-datatype-jsr310:2.12.2
com.fasterxml.jackson.module:jackson-module-jaxb-annotations:2.12.2
com.fasterxml.jackson:jackson-bom:2.12.2
com.fasterxml.woodstox:woodstox-core:6.2.4
com.google.code.findbugs:jsr305:3.0.2
com.google.errorprone:error_prone_annotations:2.5.1
com.google.guava:failureaccess:1.0.1
com.google.guava:guava:30.1.1-jre
com.google.guava:listenablefuture:9999.0-empty-to-avoid-conflict-with-guava
com.google.j2objc:j2objc-annotations:1.3
io.netty:netty-buffer:4.1.59.Final
io.netty:netty-codec-dns:4.1.59.Final
io.netty:netty-codec-http2:4.1.59.Final
io.netty:netty-codec-http:4.1.59.Final
io.netty:netty-codec-socks:4.1.59.Final
io.netty:netty-codec:4.1.59.Final
io.netty:netty-common:4.1.59.Final
io.netty:netty-handler-proxy:4.1.59.Final
io.netty:netty-handler:4.1.59.Final
io.netty:netty-resolver-dns-native-macos:4.1.59.Final
io.netty:netty-resolver-dns:4.1.59.Final
io.netty:netty-resolver:4.1.59.Final
io.netty:netty-tcnative-boringssl-static:2.0.36.Final
io.netty:netty-transport-native-epoll:4.1.59.Final
io.netty:netty-transport-native-kqueue:4.1.59.Final
io.netty:netty-transport-native-unix-common:4.1.59.Final
io.netty:netty-transport:4.1.59.Final
io.opentelemetry.instrumentation:opentelemetry-instrumentation-api-caching:1.3.0+ai.patch.1-alpha
io.opentelemetry.instrumentation:opentelemetry-instrumentation-api:1.3.0+ai.patch.1-alpha
io.opentelemetry:opentelemetry-api:1.3.0
io.opentelemetry:opentelemetry-context:1.3.0
io.opentelemetry:opentelemetry-sdk-common:1.3.0
io.opentelemetry:opentelemetry-sdk-trace:1.3.0
io.opentelemetry:opentelemetry-sdk:1.3.0
io.opentelemetry:opentelemetry-semconv:1.3.0-alpha
io.projectreactor.netty:reactor-netty-core:1.0.4
io.projectreactor.netty:reactor-netty-http:1.0.4
io.projectreactor.netty:reactor-netty:1.0.4
io.projectreactor:reactor-core:3.4.3
jakarta.activation:jakarta.activation-api:1.2.1
jakarta.xml.bind:jakarta.xml.bind-api:2.3.2
org.checkerframework:checker-qual:3.8.0
org.codehaus.woodstox:stax2-api:4.2.1
org.reactivestreams:reactive-streams:1.0.3
org.slf4j:slf4j-api:1.7.30
