# This is a Gradle generated file for dependency locking.
# Manual edits can break the build and are not advised.
# This file is expected to be part of source control.
com.google.code.findbugs:jsr305:3.0.2
com.google.errorprone:error_prone_annotations:2.5.1
com.google.guava:failureaccess:1.0.1
com.google.guava:guava:30.1.1-jre
com.google.guava:listenablefuture:9999.0-empty-to-avoid-conflict-with-guava
com.google.j2objc:j2objc-annotations:1.3
io.opentelemetry.instrumentation:opentelemetry-instrumentation-api-caching:1.0.0+ai.patch.1-alpha
io.opentelemetry.instrumentation:opentelemetry-instrumentation-api:1.0.0+ai.patch.1-alpha
io.opentelemetry:opentelemetry-api:1.0.1
io.opentelemetry:opentelemetry-context:1.0.1
io.opentelemetry:opentelemetry-sdk-common:1.0.0
io.opentelemetry:opentelemetry-sdk-trace:1.0.0
io.opentelemetry:opentelemetry-sdk:1.0.0
io.opentelemetry:opentelemetry-semconv:1.0.1-alpha
org.checkerframework:checker-qual:3.8.0
org.slf4j:slf4j-api:1.7.26
