# This is a Gradle generated file for dependency locking.
# Manual edits can break the build and are not advised.
# This file is expected to be part of source control.
ch.qos.logback.contrib:logback-json-classic:0.1.5=runtimeClasspath
ch.qos.logback.contrib:logback-json-core:0.1.5=runtimeClasspath
com.azure:azure-core-http-netty:1.10.0=runtimeClasspath
com.azure:azure-core:1.18.0=runtimeClasspath
com.azure:azure-identity:1.2.4=runtimeClasspath
com.azure:azure-monitor-opentelemetry-exporter:1.0.0-beta.4=runtimeClasspath
com.azure:azure-storage-blob:12.13.0=runtimeClasspath
com.azure:azure-storage-common:12.12.0=runtimeClasspath
com.azure:azure-storage-internal-avro:12.0.5=runtimeClasspath
com.fasterxml.jackson.core:jackson-annotations:2.12.3=runtimeClasspath
com.fasterxml.jackson.core:jackson-core:2.12.3=runtimeClasspath
com.fasterxml.jackson.core:jackson-databind:2.12.3=runtimeClasspath
com.fasterxml.jackson.dataformat:jackson-dataformat-xml:2.12.3=runtimeClasspath
com.fasterxml.jackson.datatype:jackson-datatype-jsr310:2.12.3=runtimeClasspath
com.fasterxml.jackson.module:jackson-module-jaxb-annotations:2.12.3=runtimeClasspath
com.fasterxml.jackson:jackson-bom:2.12.3=runtimeClasspath
com.fasterxml.woodstox:woodstox-core:6.2.4=runtimeClasspath
com.github.oshi:oshi-core:5.8.0=runtimeClasspath
com.github.stephenc.jcip:jcip-annotations:1.0-1=runtimeClasspath
com.google.code.findbugs:annotations:3.0.1=runtimeClasspath
com.google.code.findbugs:jsr305:3.0.1=runtimeClasspath
com.google.errorprone:error_prone_annotations:2.7.1=runtimeClasspath
com.google.guava:guava-bom:30.1.1-jre=runtimeClasspath
com.microsoft.azure:msal4j-persistence-extension:1.1.0=runtimeClasspath
com.microsoft.azure:msal4j:1.9.1=runtimeClasspath
com.microsoft.jfr:jfr-streaming:1.2.0=runtimeClasspath
com.nimbusds:content-type:2.1=runtimeClasspath
com.nimbusds:lang-tag:1.4.4=runtimeClasspath
com.nimbusds:nimbus-jose-jwt:8.18=runtimeClasspath
com.nimbusds:oauth2-oidc-sdk:8.23.1=runtimeClasspath
com.squareup.moshi:moshi-adapters:1.11.0=runtimeClasspath
com.squareup.moshi:moshi:1.11.0=runtimeClasspath
com.squareup.okio:okio:1.17.5=runtimeClasspath
commons-codec:commons-codec:1.15=runtimeClasspath
commons-io:commons-io:2.7=runtimeClasspath
io.netty:netty-buffer:4.1.65.Final=runtimeClasspath
io.netty:netty-codec-dns:4.1.63.Final=runtimeClasspath
io.netty:netty-codec-http2:4.1.65.Final=runtimeClasspath
io.netty:netty-codec-http:4.1.65.Final=runtimeClasspath
io.netty:netty-codec-socks:4.1.65.Final=runtimeClasspath
io.netty:netty-codec:4.1.65.Final=runtimeClasspath
io.netty:netty-common:4.1.65.Final=runtimeClasspath
io.netty:netty-handler-proxy:4.1.65.Final=runtimeClasspath
io.netty:netty-handler:4.1.65.Final=runtimeClasspath
io.netty:netty-resolver-dns-native-macos:4.1.63.Final=runtimeClasspath
io.netty:netty-resolver-dns:4.1.63.Final=runtimeClasspath
io.netty:netty-resolver:4.1.65.Final=runtimeClasspath
io.netty:netty-transport-native-epoll:4.1.65.Final=runtimeClasspath
io.netty:netty-transport-native-kqueue:4.1.65.Final=runtimeClasspath
io.netty:netty-transport-native-unix-common:4.1.65.Final=runtimeClasspath
io.netty:netty-transport:4.1.65.Final=runtimeClasspath
io.opentelemetry.instrumentation:opentelemetry-grpc-1.6:1.5.0+ai.patches-alpha=runtimeClasspath
io.opentelemetry.instrumentation:opentelemetry-guava-10.0:1.5.0+ai.patches-alpha=runtimeClasspath
io.opentelemetry.instrumentation:opentelemetry-instrumentation-api-annotation-support:1.5.0+ai.patches-alpha=runtimeClasspath
io.opentelemetry.instrumentation:opentelemetry-instrumentation-bom-alpha:1.5.0+ai.patches-alpha=runtimeClasspath
io.opentelemetry.instrumentation:opentelemetry-jaxws-2.0-axis2-1.6:1.5.0+ai.patches-alpha=runtimeClasspath
io.opentelemetry.instrumentation:opentelemetry-jaxws-2.0-cxf-3.0:1.5.0+ai.patches-alpha=runtimeClasspath
io.opentelemetry.instrumentation:opentelemetry-jaxws-common:1.5.0+ai.patches-alpha=runtimeClasspath
io.opentelemetry.instrumentation:opentelemetry-jdbc:1.5.0+ai.patches-alpha=runtimeClasspath
io.opentelemetry.instrumentation:opentelemetry-jetty-httpclient-9.2:1.5.0+ai.patches-alpha=runtimeClasspath
io.opentelemetry.instrumentation:opentelemetry-lettuce-5.1:1.5.0+ai.patches-alpha=runtimeClasspath
io.opentelemetry.instrumentation:opentelemetry-lettuce-common:1.5.0+ai.patches-alpha=runtimeClasspath
io.opentelemetry.instrumentation:opentelemetry-mongo-3.1:1.5.0+ai.patches-alpha=runtimeClasspath
io.opentelemetry.instrumentation:opentelemetry-netty-4.1:1.5.0+ai.patches-alpha=runtimeClasspath
io.opentelemetry.instrumentation:opentelemetry-okhttp-3.0:1.5.0+ai.patches-alpha=runtimeClasspath
io.opentelemetry.instrumentation:opentelemetry-reactor-3.1:1.5.0+ai.patches-alpha=runtimeClasspath
io.opentelemetry.instrumentation:opentelemetry-rxjava-2.0:1.5.0+ai.patches-alpha=runtimeClasspath
io.opentelemetry.instrumentation:opentelemetry-rxjava-3.0:1.5.0+ai.patches-alpha=runtimeClasspath
io.opentelemetry.instrumentation:opentelemetry-servlet-2.2:1.5.0+ai.patches-alpha=runtimeClasspath
io.opentelemetry.instrumentation:opentelemetry-servlet-3.0:1.5.0+ai.patches-alpha=runtimeClasspath
io.opentelemetry.instrumentation:opentelemetry-servlet-5.0:1.5.0+ai.patches-alpha=runtimeClasspath
io.opentelemetry.instrumentation:opentelemetry-servlet-common:1.5.0+ai.patches-alpha=runtimeClasspath
io.opentelemetry.instrumentation:opentelemetry-servlet-javax-common:1.5.0+ai.patches-alpha=runtimeClasspath
io.opentelemetry.instrumentation:opentelemetry-spring-integration-4.1:1.5.0+ai.patches-alpha=runtimeClasspath
io.opentelemetry.instrumentation:opentelemetry-spring-webflux-5.0:1.5.0+ai.patches-alpha=runtimeClasspath
io.opentelemetry.javaagent.instrumentation:opentelemetry-javaagent-apache-httpasyncclient-4.1:1.5.0+ai.patches-alpha=runtimeClasspath
io.opentelemetry.javaagent.instrumentation:opentelemetry-javaagent-apache-httpclient-2.0:1.5.0+ai.patches-alpha=runtimeClasspath
io.opentelemetry.javaagent.instrumentation:opentelemetry-javaagent-apache-httpclient-4.0:1.5.0+ai.patches-alpha=runtimeClasspath
io.opentelemetry.javaagent.instrumentation:opentelemetry-javaagent-apache-httpclient-5.0:1.5.0+ai.patches-alpha=runtimeClasspath
io.opentelemetry.javaagent.instrumentation:opentelemetry-javaagent-applicationinsights-web-2.3:1.5.0+ai.patches-alpha=runtimeClasspath
io.opentelemetry.javaagent.instrumentation:opentelemetry-javaagent-async-http-client-1.9:1.5.0+ai.patches-alpha=runtimeClasspath
io.opentelemetry.javaagent.instrumentation:opentelemetry-javaagent-async-http-client-2.0:1.5.0+ai.patches-alpha=runtimeClasspath
io.opentelemetry.javaagent.instrumentation:opentelemetry-javaagent-azure-core-1.14:1.5.0+ai.patches-alpha=runtimeClasspath
io.opentelemetry.javaagent.instrumentation:opentelemetry-javaagent-azure-core-1.19:1.5.0+ai.patches-alpha=runtimeClasspath
io.opentelemetry.javaagent.instrumentation:opentelemetry-javaagent-azure-functions:1.5.0+ai.patches-alpha=runtimeClasspath
io.opentelemetry.javaagent.instrumentation:opentelemetry-javaagent-cassandra-3.0:1.5.0+ai.patches-alpha=runtimeClasspath
io.opentelemetry.javaagent.instrumentation:opentelemetry-javaagent-cassandra-4.0:1.5.0+ai.patches-alpha=runtimeClasspath
io.opentelemetry.javaagent.instrumentation:opentelemetry-javaagent-executors:1.5.0+ai.patches-alpha=runtimeClasspath
io.opentelemetry.javaagent.instrumentation:opentelemetry-javaagent-google-http-client-1.19:1.5.0+ai.patches-alpha=runtimeClasspath
io.opentelemetry.javaagent.instrumentation:opentelemetry-javaagent-grizzly-2.0:1.5.0+ai.patches-alpha=runtimeClasspath
io.opentelemetry.javaagent.instrumentation:opentelemetry-javaagent-grpc-1.6:1.5.0+ai.patches-alpha=runtimeClasspath
io.opentelemetry.javaagent.instrumentation:opentelemetry-javaagent-guava-10.0:1.5.0+ai.patches-alpha=runtimeClasspath
io.opentelemetry.javaagent.instrumentation:opentelemetry-javaagent-http-url-connection:1.5.0+ai.patches-alpha=runtimeClasspath
io.opentelemetry.javaagent.instrumentation:opentelemetry-javaagent-internal-class-loader:1.5.0+ai.patches-alpha=runtimeClasspath
io.opentelemetry.javaagent.instrumentation:opentelemetry-javaagent-internal-eclipse-osgi-3.6:1.5.0+ai.patches-alpha=runtimeClasspath
io.opentelemetry.javaagent.instrumentation:opentelemetry-javaagent-internal-proxy:1.5.0+ai.patches-alpha=runtimeClasspath
io.opentelemetry.javaagent.instrumentation:opentelemetry-javaagent-internal-url-class-loader:1.5.0+ai.patches-alpha=runtimeClasspath
io.opentelemetry.javaagent.instrumentation:opentelemetry-javaagent-java-http-client:1.5.0+ai.patches-alpha=runtimeClasspath
io.opentelemetry.javaagent.instrumentation:opentelemetry-javaagent-java-util-logging-spans:1.5.0+ai.patches-alpha=runtimeClasspath
io.opentelemetry.javaagent.instrumentation:opentelemetry-javaagent-jaxrs-1.0:1.5.0+ai.patches-alpha=runtimeClasspath
io.opentelemetry.javaagent.instrumentation:opentelemetry-javaagent-jaxrs-2.0-common:1.5.0+ai.patches-alpha=runtimeClasspath
io.opentelemetry.javaagent.instrumentation:opentelemetry-javaagent-jaxrs-2.0-cxf-3.2:1.5.0+ai.patches-alpha=runtimeClasspath
io.opentelemetry.javaagent.instrumentation:opentelemetry-javaagent-jaxrs-2.0-jersey-2.0:1.5.0+ai.patches-alpha=runtimeClasspath
io.opentelemetry.javaagent.instrumentation:opentelemetry-javaagent-jaxrs-2.0-resteasy-3.0:1.5.0+ai.patches-alpha=runtimeClasspath
io.opentelemetry.javaagent.instrumentation:opentelemetry-javaagent-jaxrs-2.0-resteasy-3.1:1.5.0+ai.patches-alpha=runtimeClasspath
io.opentelemetry.javaagent.instrumentation:opentelemetry-javaagent-jaxrs-2.0-resteasy-common:1.5.0+ai.patches-alpha=runtimeClasspath
io.opentelemetry.javaagent.instrumentation:opentelemetry-javaagent-jaxrs-client-1.1:1.5.0+ai.patches-alpha=runtimeClasspath
io.opentelemetry.javaagent.instrumentation:opentelemetry-javaagent-jaxrs-client-2.0-common:1.5.0+ai.patches-alpha=runtimeClasspath
io.opentelemetry.javaagent.instrumentation:opentelemetry-javaagent-jaxrs-client-2.0-cxf-3.0:1.5.0+ai.patches-alpha=runtimeClasspath
io.opentelemetry.javaagent.instrumentation:opentelemetry-javaagent-jaxrs-client-2.0-jersey-2.0:1.5.0+ai.patches-alpha=runtimeClasspath
io.opentelemetry.javaagent.instrumentation:opentelemetry-javaagent-jaxrs-client-2.0-resteasy-3.0:1.5.0+ai.patches-alpha=runtimeClasspath
io.opentelemetry.javaagent.instrumentation:opentelemetry-javaagent-jaxws-2.0-axis2-1.6:1.5.0+ai.patches-alpha=runtimeClasspath
io.opentelemetry.javaagent.instrumentation:opentelemetry-javaagent-jaxws-2.0-cxf-3.0:1.5.0+ai.patches-alpha=runtimeClasspath
io.opentelemetry.javaagent.instrumentation:opentelemetry-javaagent-jaxws-2.0-metro-2.2:1.5.0+ai.patches-alpha=runtimeClasspath
io.opentelemetry.javaagent.instrumentation:opentelemetry-javaagent-jaxws-2.0:1.5.0+ai.patches-alpha=runtimeClasspath
io.opentelemetry.javaagent.instrumentation:opentelemetry-javaagent-jdbc:1.5.0+ai.patches-alpha=runtimeClasspath
io.opentelemetry.javaagent.instrumentation:opentelemetry-javaagent-jedis-1.4:1.5.0+ai.patches-alpha=runtimeClasspath
io.opentelemetry.javaagent.instrumentation:opentelemetry-javaagent-jedis-3.0:1.5.0+ai.patches-alpha=runtimeClasspath
io.opentelemetry.javaagent.instrumentation:opentelemetry-javaagent-jetty-11.0:1.5.0+ai.patches-alpha=runtimeClasspath
io.opentelemetry.javaagent.instrumentation:opentelemetry-javaagent-jetty-8.0:1.5.0+ai.patches-alpha=runtimeClasspath
io.opentelemetry.javaagent.instrumentation:opentelemetry-javaagent-jetty-common:1.5.0+ai.patches-alpha=runtimeClasspath
io.opentelemetry.javaagent.instrumentation:opentelemetry-javaagent-jetty-httpclient-9.2:1.5.0+ai.patches-alpha=runtimeClasspath
io.opentelemetry.javaagent.instrumentation:opentelemetry-javaagent-jms-1.1:1.5.0+ai.patches-alpha=runtimeClasspath
io.opentelemetry.javaagent.instrumentation:opentelemetry-javaagent-kafka-clients-0.11:1.5.0+ai.patches-alpha=runtimeClasspath
io.opentelemetry.javaagent.instrumentation:opentelemetry-javaagent-kafka-clients-common:1.5.0+ai.patches-alpha=runtimeClasspath
io.opentelemetry.javaagent.instrumentation:opentelemetry-javaagent-kafka-streams-0.11:1.5.0+ai.patches-alpha=runtimeClasspath
io.opentelemetry.javaagent.instrumentation:opentelemetry-javaagent-kotlinx-coroutines:1.5.0+ai.patches-alpha=runtimeClasspath
io.opentelemetry.javaagent.instrumentation:opentelemetry-javaagent-lettuce-4.0:1.5.0+ai.patches-alpha=runtimeClasspath
io.opentelemetry.javaagent.instrumentation:opentelemetry-javaagent-lettuce-5.0:1.5.0+ai.patches-alpha=runtimeClasspath
io.opentelemetry.javaagent.instrumentation:opentelemetry-javaagent-lettuce-5.1:1.5.0+ai.patches-alpha=runtimeClasspath
io.opentelemetry.javaagent.instrumentation:opentelemetry-javaagent-log4j-spans-1.2:1.5.0+ai.patches-alpha=runtimeClasspath
io.opentelemetry.javaagent.instrumentation:opentelemetry-javaagent-log4j-spans-2.0:1.5.0+ai.patches-alpha=runtimeClasspath
io.opentelemetry.javaagent.instrumentation:opentelemetry-javaagent-logback-spans-1.0:1.5.0+ai.patches-alpha=runtimeClasspath
io.opentelemetry.javaagent.instrumentation:opentelemetry-javaagent-micrometer-1.0:1.5.0+ai.patches-alpha=runtimeClasspath
io.opentelemetry.javaagent.instrumentation:opentelemetry-javaagent-mongo-3.1:1.5.0+ai.patches-alpha=runtimeClasspath
io.opentelemetry.javaagent.instrumentation:opentelemetry-javaagent-mongo-3.7:1.5.0+ai.patches-alpha=runtimeClasspath
io.opentelemetry.javaagent.instrumentation:opentelemetry-javaagent-mongo-4.0:1.5.0+ai.patches-alpha=runtimeClasspath
io.opentelemetry.javaagent.instrumentation:opentelemetry-javaagent-mongo-async-3.3:1.5.0+ai.patches-alpha=runtimeClasspath
io.opentelemetry.javaagent.instrumentation:opentelemetry-javaagent-netty-4-common:1.5.0+ai.patches-alpha=runtimeClasspath
io.opentelemetry.javaagent.instrumentation:opentelemetry-javaagent-netty-4.0:1.5.0+ai.patches-alpha=runtimeClasspath
io.opentelemetry.javaagent.instrumentation:opentelemetry-javaagent-netty-4.1:1.5.0+ai.patches-alpha=runtimeClasspath
io.opentelemetry.javaagent.instrumentation:opentelemetry-javaagent-okhttp-2.2:1.5.0+ai.patches-alpha=runtimeClasspath
io.opentelemetry.javaagent.instrumentation:opentelemetry-javaagent-okhttp-3.0:1.5.0+ai.patches-alpha=runtimeClasspath
io.opentelemetry.javaagent.instrumentation:opentelemetry-javaagent-opentelemetry-annotations-1.0:1.5.0+ai.patches-alpha=runtimeClasspath
io.opentelemetry.javaagent.instrumentation:opentelemetry-javaagent-opentelemetry-api-1.0:1.5.0+ai.patches-alpha=runtimeClasspath
io.opentelemetry.javaagent.instrumentation:opentelemetry-javaagent-opentelemetry-api-metrics-1.0:1.5.0+ai.patches-alpha=runtimeClasspath
io.opentelemetry.javaagent.instrumentation:opentelemetry-javaagent-rabbitmq-2.7:1.5.0+ai.patches-alpha=runtimeClasspath
io.opentelemetry.javaagent.instrumentation:opentelemetry-javaagent-reactor-3.1:1.5.0+ai.patches-alpha=runtimeClasspath
io.opentelemetry.javaagent.instrumentation:opentelemetry-javaagent-reactor-netty-0.9:1.5.0+ai.patches-alpha=runtimeClasspath
io.opentelemetry.javaagent.instrumentation:opentelemetry-javaagent-reactor-netty-1.0:1.5.0+ai.patches-alpha=runtimeClasspath
io.opentelemetry.javaagent.instrumentation:opentelemetry-javaagent-rxjava-2.0:1.5.0+ai.patches-alpha=runtimeClasspath
io.opentelemetry.javaagent.instrumentation:opentelemetry-javaagent-rxjava-3.0:1.5.0+ai.patches-alpha=runtimeClasspath
io.opentelemetry.javaagent.instrumentation:opentelemetry-javaagent-servlet-2.2:1.5.0+ai.patches-alpha=runtimeClasspath
io.opentelemetry.javaagent.instrumentation:opentelemetry-javaagent-servlet-3.0:1.5.0+ai.patches-alpha=runtimeClasspath
io.opentelemetry.javaagent.instrumentation:opentelemetry-javaagent-servlet-5.0:1.5.0+ai.patches-alpha=runtimeClasspath
io.opentelemetry.javaagent.instrumentation:opentelemetry-javaagent-servlet-common:1.5.0+ai.patches-alpha=runtimeClasspath
io.opentelemetry.javaagent.instrumentation:opentelemetry-javaagent-spring-integration-4.1:1.5.0+ai.patches-alpha=runtimeClasspath
io.opentelemetry.javaagent.instrumentation:opentelemetry-javaagent-spring-rabbit-1.0:1.5.0+ai.patches-alpha=runtimeClasspath
io.opentelemetry.javaagent.instrumentation:opentelemetry-javaagent-spring-scheduling-3.1:1.5.0+ai.patches-alpha=runtimeClasspath
io.opentelemetry.javaagent.instrumentation:opentelemetry-javaagent-spring-webflux-5.0:1.5.0+ai.patches-alpha=runtimeClasspath
io.opentelemetry.javaagent.instrumentation:opentelemetry-javaagent-spring-webmvc-3.1:1.5.0+ai.patches-alpha=runtimeClasspath
io.opentelemetry.javaagent.instrumentation:opentelemetry-javaagent-tomcat-10.0:1.5.0+ai.patches-alpha=runtimeClasspath
io.opentelemetry.javaagent.instrumentation:opentelemetry-javaagent-tomcat-7.0:1.5.0+ai.patches-alpha=runtimeClasspath
io.opentelemetry.javaagent.instrumentation:opentelemetry-javaagent-tomcat-common:1.5.0+ai.patches-alpha=runtimeClasspath
io.opentelemetry.javaagent:opentelemetry-javaagent-extension-api:1.5.0+ai.patches-alpha=runtimeClasspath
io.opentelemetry.javaagent:opentelemetry-javaagent-tooling:1.5.0+ai.patches-alpha=runtimeClasspath
io.opentelemetry.javaagent:opentelemetry-muzzle:1.5.0+ai.patches-alpha=runtimeClasspath
io.opentelemetry:opentelemetry-bom-alpha:1.5.0-alpha=runtimeClasspath
io.opentelemetry:opentelemetry-bom:1.5.0=runtimeClasspath
io.opentelemetry:opentelemetry-exporter-logging:1.5.0=runtimeClasspath
io.opentelemetry:opentelemetry-extension-aws:1.5.0=runtimeClasspath
io.opentelemetry:opentelemetry-extension-kotlin:1.5.0=runtimeClasspath
io.opentelemetry:opentelemetry-extension-noop-api:1.5.0-alpha=runtimeClasspath
io.opentelemetry:opentelemetry-extension-trace-propagators:1.5.0=runtimeClasspath
io.opentelemetry:opentelemetry-sdk-common:1.5.0=runtimeClasspath
io.opentelemetry:opentelemetry-sdk-extension-autoconfigure:1.5.0-alpha=runtimeClasspath
io.opentelemetry:opentelemetry-sdk-extension-resources:1.5.0=runtimeClasspath
io.opentelemetry:opentelemetry-sdk-extension-tracing-incubator:1.5.0-alpha=runtimeClasspath
io.opentelemetry:opentelemetry-sdk-metrics:1.5.0-alpha=runtimeClasspath
io.opentelemetry:opentelemetry-sdk-trace:1.5.0=runtimeClasspath
io.opentelemetry:opentelemetry-sdk:1.5.0=runtimeClasspath
io.projectreactor.netty:reactor-netty-core:1.0.7=runtimeClasspath
io.projectreactor.netty:reactor-netty-http:1.0.7=runtimeClasspath
io.projectreactor.netty:reactor-netty:1.0.7=runtimeClasspath
io.projectreactor:reactor-core:3.4.6=runtimeClasspath
jakarta.activation:jakarta.activation-api:1.2.1=runtimeClasspath
jakarta.xml.bind:jakarta.xml.bind-api:2.3.2=runtimeClasspath
net.bytebuddy:byte-buddy:1.11.2=runtimeClasspath
net.java.dev.jna:jna-platform:5.8.0=runtimeClasspath
net.java.dev.jna:jna:5.8.0=runtimeClasspath
net.jcip:jcip-annotations:1.0=runtimeClasspath
net.minidev:accessors-smart:1.2=runtimeClasspath
net.minidev:json-smart:2.3=runtimeClasspath
org.apache.commons:commons-lang3:3.11=runtimeClasspath
org.apache.commons:commons-text:1.9=runtimeClasspath
org.checkerframework:checker-qual:3.14.0=runtimeClasspath
org.codehaus.woodstox:stax2-api:4.2.1=runtimeClasspath
org.jctools:jctools-core:3.3.0=runtimeClasspath
org.jetbrains.kotlin:kotlin-bom:1.5.10=runtimeClasspath
org.junit:junit-bom:5.7.2=runtimeClasspath
org.ow2.asm:asm:5.0.4=runtimeClasspath
org.reactivestreams:reactive-streams:1.0.3=runtimeClasspath
empty=
